Microsoft Visual Studio Solution File, Format Version 12.00
# Visual Studio Version 17
VisualStudioVersion = 17.0.31611.283
MinimumVisualStudioVersion = 10.0.40219.1
Project("{9A19103F-16F7-4668-BE54-9A1E7A4F7556}") = "Freesome", "Freesome\Freesome.csproj", "{012A5A41-3D99-4C31-A2B0-4003DFA298A5}"
EndProject
Project("{2150E333-8FDC-42A3-9474-1A3956D46DE8}") = "Solution Items", "Solution Items", "{44F6B408-2610-42F7-A5A9-8B6414663D9B}"
	ProjectSection(SolutionItems) = preProject
		Powershell\PublishAll.ps1 = Powershell\PublishAll.ps1
		README.md = README.md
	EndProjectSection
EndProject
Project("{2150E333-8FDC-42A3-9474-1A3956D46DE8}") = "FreesomeGithubPages", "FreesomeGithubPages", "{495C3EF2-1FA9-4140-AD3C-665D90EA2D44}"
	ProjectSection(SolutionItems) = preProject
		docs\Freesome.md = docs\Freesome.md
	EndProjectSection
EndProject
Project("{FAE04EC0-301F-11D3-BF4B-00C04F79EFBC}") = "FreesomeServer", "FreesomeServer\FreesomeServer.csproj", "{9658DF63-C917-46C4-B3D1-869D47DACC97}"
EndProject
Project("{FAE04EC0-301F-11D3-BF4B-00C04F79EFBC}") = "FreesomeShared", "FreesomeShared\FreesomeShared.csproj", "{FFB56FB6-50C6-48A4-85A6-265136B18160}"
EndProject
Global
	GlobalSection(SolutionConfigurationPlatforms) = preSolution
		Debug|Any CPU = Debug|Any CPU
		Release|Any CPU = Release|Any CPU
	EndGlobalSection
	GlobalSection(ProjectConfigurationPlatforms) = postSolution
		{012A5A41-3D99-4C31-A2B0-4003DFA298A5}.Debug|Any CPU.ActiveCfg = Debug|Any CPU
		{012A5A41-3D99-4C31-A2B0-4003DFA298A5}.Debug|Any CPU.Build.0 = Debug|Any CPU
		{012A5A41-3D99-4C31-A2B0-4003DFA298A5}.Debug|Any CPU.Deploy.0 = Debug|Any CPU
		{012A5A41-3D99-4C31-A2B0-4003DFA298A5}.Release|Any CPU.ActiveCfg = Release|Any CPU
		{012A5A41-3D99-4C31-A2B0-4003DFA298A5}.Release|Any CPU.Build.0 = Release|Any CPU
		{012A5A41-3D99-4C31-A2B0-4003DFA298A5}.Release|Any CPU.Deploy.0 = Release|Any CPU
		{9658DF63-C917-46C4-B3D1-869D47DACC97}.Debug|Any CPU.ActiveCfg = Debug|Any CPU
		{9658DF63-C917-46C4-B3D1-869D47DACC97}.Debug|Any CPU.Build.0 = Debug|Any CPU
		{9658DF63-C917-46C4-B3D1-869D47DACC97}.Release|Any CPU.ActiveCfg = Release|Any CPU
		{9658DF63-C917-46C4-B3D1-869D47DACC97}.Release|Any CPU.Build.0 = Release|Any CPU
		{FFB56FB6-50C6-48A4-85A6-265136B18160}.Debug|Any CPU.ActiveCfg = Debug|Any CPU
		{FFB56FB6-50C6-48A4-85A6-265136B18160}.Debug|Any CPU.Build.0 = Debug|Any CPU
		{FFB56FB6-50C6-48A4-85A6-265136B18160}.Release|Any CPU.ActiveCfg = Release|Any CPU
		{FFB56FB6-50C6-48A4-85A6-265136B18160}.Release|Any CPU.Build.0 = Release|Any CPU
	EndGlobalSection
	GlobalSection(SolutionProperties) = preSolution
		HideSolutionNode = FALSE
	EndGlobalSection
	GlobalSection(ExtensibilityGlobals) = postSolution
		SolutionGuid = {B4D5F87C-10E0-45BC-91B7-BBD9AE396486}
		        SolutionGuid = {61F7FB11-1E47-470C-91E2-47F8143E1572}
	EndGlobalSection
EndGlobal
